// !$*UTF8*$!
{
	archiveVersion = 1;
	classes = {
	};
	objectVersion = 50;
	objects = {

/* Begin PBXBuildFile section */
		F254832C20D2FC5800FB704A /* DataModel.xcdatamodeld in Sources */ = {isa = PBXBuildFile; fileRef = F254832A20D2FC5800FB704A /* DataModel.xcdatamodeld */; };
		F25A6B4220D0AA8F00BDD871 /* AppDelegate.swift in Sources */ = {isa = PBXBuildFile; fileRef = F25A6B4120D0AA8F00BDD871 /* AppDelegate.swift */; };
		F25A6B4420D0AA8F00BDD871 /* TodoListViewController.swift in Sources */ = {isa = PBXBuildFile; fileRef = F25A6B4320D0AA8F00BDD871 /* TodoListViewController.swift */; };
		F25A6B4720D0AA8F00BDD871 /* Main.storyboard in Resources */ = {isa = PBXBuildFile; fileRef = F25A6B4520D0AA8F00BDD871 /* Main.storyboard */; };
		F25A6B4920D0AA9100BDD871 /* Assets.xcassets in Resources */ = {isa = PBXBuildFile; fileRef = F25A6B4820D0AA9100BDD871 /* Assets.xcassets */; };
		F25A6B4C20D0AA9100BDD871 /* LaunchScreen.storyboard in Resources */ = {isa = PBXBuildFile; fileRef = F25A6B4A20D0AA9100BDD871 /* LaunchScreen.storyboard */; };
		F29A4A4F20D341D10086694A /* CategoryTableViewController.swift in Sources */ = {isa = PBXBuildFile; fileRef = F29A4A4E20D341D10086694A /* CategoryTableViewController.swift */; };
/* End PBXBuildFile section */

/* Begin PBXFileReference section */
		F254832B20D2FC5800FB704A /* DataModel.xcdatamodel */ = {isa = PBXFileReference; lastKnownFileType = wrapper.xcdatamodel; path = DataModel.xcdatamodel; sourceTree = "<group>"; };
		F25A6B3E20D0AA8F00BDD871 /* Todoey.app */ = {isa = PBXFileReference; explicitFileType = wrapper.application; includeInIndex = 0; path = Todoey.app; sourceTree = BUILT_PRODUCTS_DIR; };
		F25A6B4120D0AA8F00BDD871 /* AppDelegate.swift */ = {isa = PBXFileReference; lastKnownFileType = sourcecode.swift; path = AppDelegate.swift; sourceTree = "<group>"; };
		F25A6B4320D0AA8F00BDD871 /* TodoListViewController.swift */ = {isa = PBXFileReference; lastKnownFileType = sourcecode.swift; path = TodoListViewController.swift; sourceTree = "<group>"; };
		F25A6B4620D0AA8F00BDD871 /* Base */ = {isa = PBXFileReference; lastKnownFileType = file.storyboard; name = Base; path = Base.lproj/Main.storyboard; sourceTree = "<group>"; };
		F25A6B4820D0AA9100BDD871 /* Assets.xcassets */ = {isa = PBXFileReference; lastKnownFileType = folder.assetcatalog; path = Assets.xcassets; sourceTree = "<group>"; };
		F25A6B4B20D0AA9100BDD871 /* Base */ = {isa = PBXFileReference; lastKnownFileType = file.storyboard; name = Base; path = Base.lproj/LaunchScreen.storyboard; sourceTree = "<group>"; };
		F25A6B4D20D0AA9100BDD871 /* Info.plist */ = {isa = PBXFileReference; lastKnownFileType = text.plist.xml; path = Info.plist; sourceTree = "<group>"; };
		F29A4A4E20D341D10086694A /* CategoryTableViewController.swift */ = {isa = PBXFileReference; lastKnownFileType = sourcecode.swift; path = CategoryTableViewController.swift; sourceTree = "<group>"; };
/* End PBXFileReference section */

/* Begin PBXFrameworksBuildPhase section */
		F25A6B3B20D0AA8F00BDD871 /* Frameworks */ = {
			isa = PBXFrameworksBuildPhase;
			buildActionMask = 2147483647;
			files = (
			);
			runOnlyForDeploymentPostprocessing = 0;
		};
/* End PBXFrameworksBuildPhase section */

/* Begin PBXGroup section */
		F229DD1420D1A11F0009BC0C /* Data Model */ = {
			isa = PBXGroup;
			children = (
				F254832A20D2FC5800FB704A /* DataModel.xcdatamodeld */,
			);
			path = "Data Model";
			sourceTree = "<group>";
		};
		F229DD1520D1A12A0009BC0C /* Controllers */ = {
			isa = PBXGroup;
			children = (
				F29A4A4E20D341D10086694A /* CategoryTableViewController.swift */,
				F25A6B4320D0AA8F00BDD871 /* TodoListViewController.swift */,
			);
			path = Controllers;
			sourceTree = "<group>";
		};
		F229DD1620D1A1320009BC0C /* Views */ = {
			isa = PBXGroup;
			children = (
				F25A6B4520D0AA8F00BDD871 /* Main.storyboard */,
			);
			path = Views;
			sourceTree = "<group>";
		};
		F25A6B3520D0AA8F00BDD871 = {
			isa = PBXGroup;
			children = (
				F25A6B4020D0AA8F00BDD871 /* Todoey */,
				F25A6B3F20D0AA8F00BDD871 /* Products */,
			);
			sourceTree = "<group>";
		};
		F25A6B3F20D0AA8F00BDD871 /* Products */ = {
			isa = PBXGroup;
			children = (
				F25A6B3E20D0AA8F00BDD871 /* Todoey.app */,
			);
			name = Products;
			sourceTree = "<group>";
		};
		F25A6B4020D0AA8F00BDD871 /* Todoey */ = {
			isa = PBXGroup;
			children = (
				F25A6B4120D0AA8F00BDD871 /* AppDelegate.swift */,
				F229DD1520D1A12A0009BC0C /* Controllers */,
				F229DD1420D1A11F0009BC0C /* Data Model */,
				F229DD1620D1A1320009BC0C /* Views */,
				F25A6B4820D0AA9100BDD871 /* Assets.xcassets */,
				F25A6B4A20D0AA9100BDD871 /* LaunchScreen.storyboard */,
				F25A6B4D20D0AA9100BDD871 /* Info.plist */,
			);
			path = Todoey;
			sourceTree = "<group>";
		};
/* End PBXGroup section */

/* Begin PBXNativeTarget section */
		F25A6B3D20D0AA8F00BDD871 /* Todoey */ = {
			isa = PBXNativeTarget;
			buildConfigurationList = F25A6B5020D0AA9100BDD871 /* Build configuration list for PBXNativeTarget "Todoey" */;
			buildPhases = (
				F25A6B3A20D0AA8F00BDD871 /* Sources */,
				F25A6B3B20D0AA8F00BDD871 /* Frameworks */,
				F25A6B3C20D0AA8F00BDD871 /* Resources */,
			);
			buildRules = (
			);
			dependencies = (
			);
			name = Todoey;
			productName = Todoey;
			productReference = F25A6B3E20D0AA8F00BDD871 /* Todoey.app */;
			productType = "com.apple.product-type.application";
		};
/* End PBXNativeTarget section */

/* Begin PBXProject section */
		F25A6B3620D0AA8F00BDD871 /* Project object */ = {
			isa = PBXProject;
			attributes = {
				LastSwiftUpdateCheck = 0930;
				LastUpgradeCheck = 0930;
				ORGANIZATIONNAME = "Joselson DIas";
				TargetAttributes = {
					F25A6B3D20D0AA8F00BDD871 = {
						CreatedOnToolsVersion = 9.3;
					};
				};
			};
			buildConfigurationList = F25A6B3920D0AA8F00BDD871 /* Build configuration list for PBXProject "Todoey" */;
			compatibilityVersion = "Xcode 9.3";
			developmentRegion = en;
			hasScannedForEncodings = 0;
			knownRegions = (
				en,
				Base,
			);
			mainGroup = F25A6B3520D0AA8F00BDD871;
			productRefGroup = F25A6B3F20D0AA8F00BDD871 /* Products */;
			projectDirPath = "";
			projectRoot = "";
			targets = (
				F25A6B3D20D0AA8F00BDD871 /* Todoey */,
			);
		};
/* End PBXProject section */

/* Begin PBXResourcesBuildPhase section */
		F25A6B3C20D0AA8F00BDD871 /* Resources */ = {
			isa = PBXResourcesBuildPhase;
			buildActionMask = 2147483647;
			files = (
				F25A6B4C20D0AA9100BDD871 /* LaunchScreen.storyboard in Resources */,
				F25A6B4920D0AA9100BDD871 /* Assets.xcassets in Resources */,
				F25A6B4720D0AA8F00BDD871 /* Main.storyboard in Resources */,
			);
			runOnlyForDeploymentPostprocessing = 0;
		};
/* End PBXResourcesBuildPhase section */

/* Begin PBXSourcesBuildPhase section */
		F25A6B3A20D0AA8F00BDD871 /* Sources */ = {
			isa = PBXSourcesBuildPhase;
			buildActionMask = 2147483647;
			files = (
				F25A6B4420D0AA8F00BDD871 /* TodoListViewController.swift in Sources */,
				F254832C20D2FC5800FB704A /* DataModel.xcdatamodeld in Sources */,
				F25A6B4220D0AA8F00BDD871 /* AppDelegate.swift in Sources */,
				F29A4A4F20D341D10086694A /* CategoryTableViewController.swift in Sources */,
			);
			runOnlyForDeploymentPostprocessing = 0;
		};
/* End PBXSourcesBuildPhase section */

/* Begin PBXVariantGroup section */
		F25A6B4520D0AA8F00BDD871 /* Main.storyboard */ = {
			isa = PBXVariantGroup;
			children = (
				F25A6B4620D0AA8F00BDD871 /* Base */,
			);
			name = Main.storyboard;
			sourceTree = "<group>";
		};
		F25A6B4A20D0AA9100BDD871 /* LaunchScreen.storyboard */ = {
			isa = PBXVariantGroup;
			children = (
				F25A6B4B20D0AA9100BDD871 /* Base */,
			);
			name = LaunchScreen.storyboard;
			sourceTree = "<group>";
		};
/* End PBXVariantGroup section */

/* Begin XCBuildConfiguration section */
		F25A6B4E20D0AA9100BDD871 /* Debug */ = {
			isa = XCBuildConfiguration;
			buildSettings = {
				ALWAYS_SEARCH_USER_PATHS = NO;
				CLANG_ANALYZER_NONNULL = YES;
				CLANG_ANALYZER_NUMBER_OBJECT_CONVERSION = YES_AGGRESSIVE;
				CLANG_CXX_LANGUAGE_STANDARD = "gnu++14";
				CLANG_CXX_LIBRARY = "libc++";
				CLANG_ENABLE_MODULES = YES;
				CLANG_ENABLE_OBJC_ARC = YES;
				CLANG_ENABLE_OBJC_WEAK = YES;
				CLANG_WARN_BLOCK_CAPTURE_AUTORELEASING = YES;
				CLANG_WARN_BOOL_CONVERSION = YES;
				CLANG_WARN_COMMA = YES;
				CLANG_WARN_CONSTANT_CONVERSION = YES;
				CLANG_WARN_DEPRECATED_OBJC_IMPLEMENTATIONS = YES;
				CLANG_WARN_DIRECT_OBJC_ISA_USAGE = YES_ERROR;
				CLANG_WARN_DOCUMENTATION_COMMENTS = YES;
				CLANG_WARN_EMPTY_BODY = YES;
				CLANG_WARN_ENUM_CONVERSION = YES;
				CLANG_WARN_INFINITE_RECURSION = YES;
				CLANG_WARN_INT_CONVERSION = YES;
				CLANG_WARN_NON_LITERAL_NULL_CONVERSION = YES;
				CLANG_WARN_OBJC_IMPLICIT_RETAIN_SELF = YES;
				CLANG_WARN_OBJC_LITERAL_CONVERSION = YES;
				CLANG_WARN_OBJC_ROOT_CLASS = YES_ERROR;
				CLANG_WARN_RANGE_LOOP_ANALYSIS = YES;
				CLANG_WARN_STRICT_PROTOTYPES = YES;
				CLANG_WARN_SUSPICIOUS_MOVE = YES;
				CLANG_WARN_UNGUARDED_AVAILABILITY = YES_AGGRESSIVE;
				CLANG_WARN_UNREACHABLE_CODE = YES;
				CLANG_WARN__DUPLICATE_METHOD_MATCH = YES;
				CODE_SIGN_IDENTITY = "iPhone Developer";
				COPY_PHASE_STRIP = NO;
				DEBUG_INFORMATION_FORMAT = dwarf;
				ENABLE_STRICT_OBJC_MSGSEND = YES;
				ENABLE_TESTABILITY = YES;
				GCC_C_LANGUAGE_STANDARD = gnu11;
				GCC_DYNAMIC_NO_PIC = NO;
				GCC_NO_COMMON_BLOCKS = YES;
				GCC_OPTIMIZATION_LEVEL = 0;
				GCC_PREPROCESSOR_DEFINITIONS = (
					"DEBUG=1",
					"$(inherited)",
				);
				GCC_WARN_64_TO_32_BIT_CONVERSION = YES;
				GCC_WARN_ABOUT_RETURN_TYPE = YES_ERROR;
				GCC_WARN_UNDECLARED_SELECTOR = YES;
				GCC_WARN_UNINITIALIZED_AUTOS = YES_AGGRESSIVE;
				GCC_WARN_UNUSED_FUNCTION = YES;
				GCC_WARN_UNUSED_VARIABLE = YES;
				IPHONEOS_DEPLOYMENT_TARGET = 11.3;
				MTL_ENABLE_DEBUG_INFO = YES;
				ONLY_ACTIVE_ARCH = YES;
				SDKROOT = iphoneos;
				SWIFT_ACTIVE_COMPILATION_CONDITIONS = DEBUG;
				SWIFT_OPTIMIZATION_LEVEL = "-Onone";
			};
			name = Debug;
		};
		F25A6B4F20D0AA9100BDD871 /* Release */ = {
			isa = XCBuildConfiguration;
			buildSettings = {
				ALWAYS_SEARCH_USER_PATHS = NO;
				CLANG_ANALYZER_NONNULL = YES;
				CLANG_ANALYZER_NUMBER_OBJECT_CONVERSION = YES_AGGRESSIVE;
				CLANG_CXX_LANGUAGE_STANDARD = "gnu++14";
				CLANG_CXX_LIBRARY = "libc++";
				CLANG_ENABLE_MODULES = YES;
				CLANG_ENABLE_OBJC_ARC = YES;
				CLANG_ENABLE_OBJC_WEAK = YES;
				CLANG_WARN_BLOCK_CAPTURE_AUTORELEASING = YES;
				CLANG_WARN_BOOL_CONVERSION = YES;
				CLANG_WARN_COMMA = YES;
				CLANG_WARN_CONSTANT_CONVERSION = YES;
				CLANG_WARN_DEPRECATED_OBJC_IMPLEMENTATIONS = YES;
				CLANG_WARN_DIRECT_OBJC_ISA_USAGE = YES_ERROR;
				CLANG_WARN_DOCUMENTATION_COMMENTS = YES;
				CLANG_WARN_EMPTY_BODY = YES;
				CLANG_WARN_ENUM_CONVERSION = YES;
				CLANG_WARN_INFINITE_RECURSION = YES;
				CLANG_WARN_INT_CONVERSION = YES;
				CLANG_WARN_NON_LITERAL_NULL_CONVERSION = YES;
				CLANG_WARN_OBJC_IMPLICIT_RETAIN_SELF = YES;
				CLANG_WARN_OBJC_LITERAL_CONVERSION = YES;
				CLANG_WARN_OBJC_ROOT_CLASS = YES_ERROR;
				CLANG_WARN_RANGE_LOOP_ANALYSIS = YES;
				CLANG_WARN_STRICT_PROTOTYPES = YES;
				CLANG_WARN_SUSPICIOUS_MOVE = YES;
				CLANG_WARN_UNGUARDED_AVAILABILITY = YES_AGGRESSIVE;
				CLANG_WARN_UNREACHABLE_CODE = YES;
				CLANG_WARN__DUPLICATE_METHOD_MATCH = YES;
				CODE_SIGN_IDENTITY = "iPhone Developer";
				COPY_PHASE_STRIP = NO;
				DEBUG_INFORMATION_FORMAT = "dwarf-with-dsym";
				ENABLE_NS_ASSERTIONS = NO;
				ENABLE_STRICT_OBJC_MSGSEND = YES;
				GCC_C_LANGUAGE_STANDARD = gnu11;
				GCC_NO_COMMON_BLOCKS = YES;
				GCC_WARN_64_TO_32_BIT_CONVERSION = YES;
				GCC_WARN_ABOUT_RETURN_TYPE = YES_ERROR;
				GCC_WARN_UNDECLARED_SELECTOR = YES;
				GCC_WARN_UNINITIALIZED_AUTOS = YES_AGGRESSIVE;
				GCC_WARN_UNUSED_FUNCTION = YES;
				GCC_WARN_UNUSED_VARIABLE = YES;
				IPHONEOS_DEPLOYMENT_TARGET = 11.3;
				MTL_ENABLE_DEBUG_INFO = NO;
				SDKROOT = iphoneos;
				SWIFT_COMPILATION_MODE = wholemodule;
				SWIFT_OPTIMIZATION_LEVEL = "-O";
				VALIDATE_PRODUCT = YES;
			};
			name = Release;
		};
		F25A6B5120D0AA9100BDD871 /* Debug */ = {
			isa = XCBuildConfiguration;
			buildSettings = {
				ASSETCATALOG_COMPILER_APPICON_NAME = AppIcon;
				CODE_SIGN_STYLE = Automatic;
				DEVELOPMENT_TEAM = W9GHU8Z389;
				INFOPLIST_FILE = Todoey/Info.plist;
				LD_RUNPATH_SEARCH_PATHS = (
					"$(inherited)",
					"@executable_path/Frameworks",
				);
				PRODUCT_BUNDLE_IDENTIFIER = com.angolaempreende.Todoey;
				PRODUCT_NAME = "$(TARGET_NAME)";
				SWIFT_VERSION = 4.0;
				TARGETED_DEVICE_FAMILY = "1,2";
			};
			name = Debug;
		};
		F25A6B5220D0AA9100BDD871 /* Release */ = {
			isa = XCBuildConfiguration;
			buildSettings = {
				ASSETCATALOG_COMPILER_APPICON_NAME = AppIcon;
				CODE_SIGN_STYLE = Automatic;
				DEVELOPMENT_TEAM = W9GHU8Z389;
				INFOPLIST_FILE = Todoey/Info.plist;
				LD_RUNPATH_SEARCH_PATHS = (
					"$(inherited)",
					"@executable_path/Frameworks",
				);
				PRODUCT_BUNDLE_IDENTIFIER = com.angolaempreende.Todoey;
				PRODUCT_NAME = "$(TARGET_NAME)";
				SWIFT_VERSION = 4.0;
				TARGETED_DEVICE_FAMILY = "1,2";
			};
			name = Release;
		};
/* End XCBuildConfiguration section */

/* Begin XCConfigurationList section */
		F25A6B3920D0AA8F00BDD871 /* Build configuration list for PBXProject "Todoey" */ = {
			isa = XCConfigurationList;
			buildConfigurations = (
				F25A6B4E20D0AA9100BDD871 /* Debug */,
				F25A6B4F20D0AA9100BDD871 /* Release */,
			);
			defaultConfigurationIsVisible = 0;
			defaultConfigurationName = Release;
		};
		F25A6B5020D0AA9100BDD871 /* Build configuration list for PBXNativeTarget "Todoey" */ = {
			isa = XCConfigurationList;
			buildConfigurations = (
				F25A6B5120D0AA9100BDD871 /* Debug */,
				F25A6B5220D0AA9100BDD871 /* Release */,
			);
			defaultConfigurationIsVisible = 0;
			defaultConfigurationName = Release;
		};
/* End XCConfigurationList section */

/* Begin XCVersionGroup section */
		F254832A20D2FC5800FB704A /* DataModel.xcdatamodeld */ = {
			isa = XCVersionGroup;
			children = (
				F254832B20D2FC5800FB704A /* DataModel.xcdatamodel */,
			);
			currentVersion = F254832B20D2FC5800FB704A /* DataModel.xcdatamodel */;
			path = DataModel.xcdatamodeld;
			sourceTree = "<group>";
			versionGroupType = wrapper.xcdatamodel;
		};
/* End XCVersionGroup section */
	};
	rootObject = F25A6B3620D0AA8F00BDD871 /* Project object */;
}
